<?xml version="1.0" encoding="utf-8"?>
<Project ToolsVersion="4.0" xmlns="http://schemas.microsoft.com/developer/msbuild/2003">
  <ItemGroup>
    <Filter Include="Source Files">
      <UniqueIdentifier>{4FC737F1-C7A5-4376-A066-2A32D752A2FF}</UniqueIdentifier>
      <Extensions>cpp;c;cc;cxx;def;odl;idl;hpj;bat;asm;asmx</Extensions>
    </Filter>
    <Filter Include="Header Files">
      <UniqueIdentifier>{93995380-89BD-4b04-88EB-625FBE52EBFB}</UniqueIdentifier>
      <Extensions>h;hh;hpp;hxx;hm;inl;inc;ipp;xsd</Extensions>
    </Filter>
    <Filter Include="Resource Files">
      <UniqueIdentifier>{67DA6AB6-F800-4c08-8B7A-83BB121AAD01}</UniqueIdentifier>
      <Extensions>rc;ico;cur;bmp;dlg;rc2;rct;bin;rgs;gif;jpg;jpeg;jpe;resx;tiff;tif;png;wav;mfcribbon-ms</Extensions>
    </Filter>
    <Filter Include="win_menus">
      <UniqueIdentifier>{a2358065-928e-4775-9e8c-8860befd0e6d}</UniqueIdentifier>
    </Filter>
    <Filter Include="win_toolbars">
      <UniqueIdentifier>{fb68b582-1a9f-4c8b-b71a-7d0e38a0b93d}</UniqueIdentifier>
    </Filter>
  </ItemGroup>
  <ItemGroup>
    <ClInclude Include="framework.h">
      <Filter>Header Files</Filter>
    </ClInclude>
    <ClInclude Include="targetver.h">
      <Filter>Header Files</Filter>
    </ClInclude>
    <ClInclude Include="Resource.h">
      <Filter>Header Files</Filter>
    </ClInclude>
    <ClInclude Include="WinUI.h">
      <Filter>Header Files</Filter>
    </ClInclude>
    <ClInclude Include="win_app.h">
      <Filter>Header Files</Filter>
    </ClInclude>
    <ClInclude Include="win_main.h">
      <Filter>Header Files</Filter>
    </ClInclude>
    <ClInclude Include="win_window.h">
      <Filter>Header Files</Filter>
    </ClInclude>
    <ClInclude Include="win_msg.h">
      <Filter>Header Files</Filter>
    </ClInclude>
    <ClInclude Include="win_item.h">
      <Filter>Header Files</Filter>
    </ClInclude>
    <ClInclude Include="win_util.h">
      <Filter>Header Files</Filter>
    </ClInclude>
    <ClInclude Include="win_menu_bar.h">
      <Filter>win_menus</Filter>
    </ClInclude>
    <ClInclude Include="win_menu_item.h">
      <Filter>win_menus</Filter>
    </ClInclude>
    <ClInclude Include="win_menu_sub.h">
      <Filter>win_menus</Filter>
    </ClInclude>
    <ClInclude Include="win_menu_command.h">
      <Filter>win_menus</Filter>
    </ClInclude>
    <ClInclude Include="win_bitmap.h">
      <Filter>Header Files</Filter>
    </ClInclude>
    <ClInclude Include="win_rebar.h">
      <Filter>Header Files</Filter>
    </ClInclude>
    <ClInclude Include="win_toolbar.h">
      <Filter>win_toolbars</Filter>
    </ClInclude>
    <ClInclude Include="win_toolbar_command.h">
      <Filter>win_toolbars</Filter>
    </ClInclude>
    <ClInclude Include="win_toolbar_button.h">
      <Filter>win_toolbars</Filter>
    </ClInclude>
    <ClInclude Include="win_header.h">
      <Filter>Header Files</Filter>
    </ClInclude>
    <ClInclude Include="win_panel.h">
      <Filter>Header Files</Filter>
    </ClInclude>
  </ItemGroup>
  <ItemGroup>
    <ClCompile Include="WinUI.cpp">
      <Filter>Source Files</Filter>
    </ClCompile>
    <ClCompile Include="win_app.cpp">
      <Filter>Source Files</Filter>
    </ClCompile>
    <ClCompile Include="win_window.cpp">
      <Filter>Source Files</Filter>
    </ClCompile>
    <ClCompile Include="win_item.cpp">
      <Filter>Source Files</Filter>
    </ClCompile>
    <ClCompile Include="win_menu_bar.cpp">
      <Filter>win_menus</Filter>
    </ClCompile>
    <ClCompile Include="win_menu_item.cpp">
      <Filter>win_menus</Filter>
    </ClCompile>
    <ClCompile Include="win_menu_sub.cpp">
      <Filter>win_menus</Filter>
    </ClCompile>
    <ClCompile Include="win_menu_command.cpp">
      <Filter>win_menus</Filter>
    </ClCompile>
    <ClCompile Include="win_bitmap.cpp">
      <Filter>Source Files</Filter>
    </ClCompile>
    <ClCompile Include="win_rebar.cpp">
      <Filter>Source Files</Filter>
    </ClCompile>
    <ClCompile Include="win_toolbar_command.cpp">
      <Filter>win_toolbars</Filter>
    </ClCompile>
    <ClCompile Include="win_toolbar.cpp">
      <Filter>win_toolbars</Filter>
    </ClCompile>
    <ClCompile Include="win_toolbar_button.cpp">
      <Filter>win_toolbars</Filter>
    </ClCompile>
    <ClCompile Include="win_panel.cpp">
      <Filter>Source Files</Filter>
    </ClCompile>
  </ItemGroup>
  <ItemGroup>
    <Image Include="small.ico">
      <Filter>Resource Files</Filter>
    </Image>
    <Image Include="WinUI.ico">
      <Filter>Resource Files</Filter>
    </Image>
    <Image Include="cut.ico">
      <Filter>Resource Files</Filter>
    </Image>
    <Image Include="winui1.ico">
      <Filter>Resource Files</Filter>
    </Image>
    <Image Include="app.ico">
      <Filter>Resource Files</Filter>
    </Image>
    <Image Include="check16.bmp">
      <Filter>Resource Files</Filter>
    </Image>
    <Image Include="cut16.bmp">
      <Filter>Resource Files</Filter>
    </Image>
    <Image Include="copy16.bmp">
      <Filter>Resource Files</Filter>
    </Image>
    <Image Include="bitmap1.bmp">
      <Filter>Resource Files</Filter>
    </Image>
    <Image Include="bullet16.bmp">
      <Filter>Resource Files</Filter>
    </Image>
    <Image Include="save16.bmp">
      <Filter>Resource Files</Filter>
    </Image>
    <Image Include="new16.bmp">
      <Filter>Resource Files</Filter>
    </Image>
    <Image Include="open16.bmp">
      <Filter>Resource Files</Filter>
    </Image>
    <Image Include="paste16.bmp">
      <Filter>Resource Files</Filter>
    </Image>
    <Image Include="bitmap2.bmp">
      <Filter>Resource Files</Filter>
    </Image>
    <Image Include="bmp_new16.bmp">
      <Filter>Resource Files</Filter>
    </Image>
  </ItemGroup>
</Project>